
Microsoft Visual Studio Solution File, Format Version 12.00
# Visual Studio 2012
Project("{FAE04EC0-301F-11D3-BF4B-00C04F79EFBC}") = "DirectoryServices.AccountManagement.Extensions", "AccountManagement\DirectoryServices.AccountManagement.Extensions.csproj", "{E2C859CC-A489-43DB-8453-98F11643EBEA}"
EndProject
Project("{FAE04EC0-301F-11D3-BF4B-00C04F79EFBC}") = "PasswordSnoozeButton", "PasswordSnoozeButton\PasswordSnoozeButton.csproj", "{DD368013-2D15-4C74-92A0-3FC7BA929A24}"
EndProject
Project("{2150E333-8FDC-42A3-9474-1A3956D46DE8}") = "Examples", "Examples", "{617C932A-E8FB-4B81-9DD9-E819A90EBAAF}"
EndProject
Project("{FAE04EC0-301F-11D3-BF4B-00C04F79EFBC}") = "ExchangeGalFix", "ExchangeGalFix\ExchangeGalFix.csproj", "{108D1FE1-D18B-4014-84C8-F4084AF5F72B}"
EndProject
Project("{FAE04EC0-301F-11D3-BF4B-00C04F79EFBC}") = "ExchangeGalPrep", "ExchangeGalPrep\ExchangeGalPrep.csproj", "{B371ADFD-9FD9-4BCC-BAAE-F10526947EC7}"
EndProject
Project("{FAE04EC0-301F-11D3-BF4B-00C04F79EFBC}") = "ExchangeCommon", "ExchangeCommon\ExchangeCommon.csproj", "{CBBD72D0-476A-42E1-ACCE-85EBC5B0631E}"
EndProject
Project("{FAE04EC0-301F-11D3-BF4B-00C04F79EFBC}") = "AdLdsSync", "AdLdsSync\AdLdsSync.csproj", "{6680B829-5749-45E7-9BF3-E1FB1072C26E}"
EndProject
Project("{FAE04EC0-301F-11D3-BF4B-00C04F79EFBC}") = "ExchangeImportResources", "ExchangeImportResources\ExchangeImportResources.csproj", "{6E9CE720-56EA-4297-BB13-676B79BAAF31}"
EndProject
Project("{FAE04EC0-301F-11D3-BF4B-00C04F79EFBC}") = "ExchangeImportRooms", "ExchangeImportRooms\ExchangeImportRooms.csproj", "{6F57D66B-8637-4600-B014-94ADDAEDFFF9}"
EndProject
Project("{FAE04EC0-301F-11D3-BF4B-00C04F79EFBC}") = "DirectReportGroups", "DirectReportGroups\DirectReportGroups.csproj", "{44FA5FE7-EEB0-437B-BB37-1532DE3AE218}"
EndProject
Project("{FAE04EC0-301F-11D3-BF4B-00C04F79EFBC}") = "PasswordGenerator", "PasswordGenerator\PasswordGenerator.csproj", "{542E9A16-57D6-41B1-8ACC-D6B2B1D48832}"
EndProject
Global
	GlobalSection(SolutionConfigurationPlatforms) = preSolution
		Debug|Any CPU = Debug|Any CPU
		Debug|x86 = Debug|x86
		Release|Any CPU = Release|Any CPU
		Release|x86 = Release|x86
	EndGlobalSection
	GlobalSection(ProjectConfigurationPlatforms) = postSolution
		{E2C859CC-A489-43DB-8453-98F11643EBEA}.Debug|Any CPU.ActiveCfg = Debug|Any CPU
		{E2C859CC-A489-43DB-8453-98F11643EBEA}.Debug|Any CPU.Build.0 = Debug|Any CPU
		{E2C859CC-A489-43DB-8453-98F11643EBEA}.Debug|x86.ActiveCfg = Debug|Any CPU
		{E2C859CC-A489-43DB-8453-98F11643EBEA}.Release|Any CPU.ActiveCfg = Release|Any CPU
		{E2C859CC-A489-43DB-8453-98F11643EBEA}.Release|Any CPU.Build.0 = Release|Any CPU
		{E2C859CC-A489-43DB-8453-98F11643EBEA}.Release|x86.ActiveCfg = Release|Any CPU
		{DD368013-2D15-4C74-92A0-3FC7BA929A24}.Debug|Any CPU.ActiveCfg = Debug|Any CPU
		{DD368013-2D15-4C74-92A0-3FC7BA929A24}.Debug|Any CPU.Build.0 = Debug|Any CPU
		{DD368013-2D15-4C74-92A0-3FC7BA929A24}.Debug|x86.ActiveCfg = Debug|Any CPU
		{DD368013-2D15-4C74-92A0-3FC7BA929A24}.Release|Any CPU.ActiveCfg = Release|Any CPU
		{DD368013-2D15-4C74-92A0-3FC7BA929A24}.Release|Any CPU.Build.0 = Release|Any CPU
		{DD368013-2D15-4C74-92A0-3FC7BA929A24}.Release|x86.ActiveCfg = Release|Any CPU
		{108D1FE1-D18B-4014-84C8-F4084AF5F72B}.Debug|Any CPU.ActiveCfg = Debug|Any CPU
		{108D1FE1-D18B-4014-84C8-F4084AF5F72B}.Debug|Any CPU.Build.0 = Debug|Any CPU
		{108D1FE1-D18B-4014-84C8-F4084AF5F72B}.Debug|x86.ActiveCfg = Debug|Any CPU
		{108D1FE1-D18B-4014-84C8-F4084AF5F72B}.Release|Any CPU.ActiveCfg = Release|Any CPU
		{108D1FE1-D18B-4014-84C8-F4084AF5F72B}.Release|Any CPU.Build.0 = Release|Any CPU
		{108D1FE1-D18B-4014-84C8-F4084AF5F72B}.Release|x86.ActiveCfg = Release|Any CPU
		{B371ADFD-9FD9-4BCC-BAAE-F10526947EC7}.Debug|Any CPU.ActiveCfg = Debug|Any CPU
		{B371ADFD-9FD9-4BCC-BAAE-F10526947EC7}.Debug|Any CPU.Build.0 = Debug|Any CPU
		{B371ADFD-9FD9-4BCC-BAAE-F10526947EC7}.Debug|x86.ActiveCfg = Debug|Any CPU
		{B371ADFD-9FD9-4BCC-BAAE-F10526947EC7}.Release|Any CPU.ActiveCfg = Release|Any CPU
		{B371ADFD-9FD9-4BCC-BAAE-F10526947EC7}.Release|Any CPU.Build.0 = Release|Any CPU
		{B371ADFD-9FD9-4BCC-BAAE-F10526947EC7}.Release|x86.ActiveCfg = Release|Any CPU
		{CBBD72D0-476A-42E1-ACCE-85EBC5B0631E}.Debug|Any CPU.ActiveCfg = Debug|Any CPU
		{CBBD72D0-476A-42E1-ACCE-85EBC5B0631E}.Debug|Any CPU.Build.0 = Debug|Any CPU
		{CBBD72D0-476A-42E1-ACCE-85EBC5B0631E}.Debug|x86.ActiveCfg = Debug|Any CPU
		{CBBD72D0-476A-42E1-ACCE-85EBC5B0631E}.Release|Any CPU.ActiveCfg = Release|Any CPU
		{CBBD72D0-476A-42E1-ACCE-85EBC5B0631E}.Release|Any CPU.Build.0 = Release|Any CPU
		{CBBD72D0-476A-42E1-ACCE-85EBC5B0631E}.Release|x86.ActiveCfg = Release|Any CPU
		{6680B829-5749-45E7-9BF3-E1FB1072C26E}.Debug|Any CPU.ActiveCfg = Debug|Any CPU
		{6680B829-5749-45E7-9BF3-E1FB1072C26E}.Debug|Any CPU.Build.0 = Debug|Any CPU
		{6680B829-5749-45E7-9BF3-E1FB1072C26E}.Debug|x86.ActiveCfg = Debug|x86
		{6680B829-5749-45E7-9BF3-E1FB1072C26E}.Debug|x86.Build.0 = Debug|x86
		{6680B829-5749-45E7-9BF3-E1FB1072C26E}.Release|Any CPU.ActiveCfg = Release|Any CPU
		{6680B829-5749-45E7-9BF3-E1FB1072C26E}.Release|Any CPU.Build.0 = Release|Any CPU
		{6680B829-5749-45E7-9BF3-E1FB1072C26E}.Release|x86.ActiveCfg = Release|x86
		{6680B829-5749-45E7-9BF3-E1FB1072C26E}.Release|x86.Build.0 = Release|x86
		{6E9CE720-56EA-4297-BB13-676B79BAAF31}.Debug|Any CPU.ActiveCfg = Debug|Any CPU
		{6E9CE720-56EA-4297-BB13-676B79BAAF31}.Debug|Any CPU.Build.0 = Debug|Any CPU
		{6E9CE720-56EA-4297-BB13-676B79BAAF31}.Debug|x86.ActiveCfg = Debug|Any CPU
		{6E9CE720-56EA-4297-BB13-676B79BAAF31}.Release|Any CPU.ActiveCfg = Release|Any CPU
		{6E9CE720-56EA-4297-BB13-676B79BAAF31}.Release|Any CPU.Build.0 = Release|Any CPU
		{6E9CE720-56EA-4297-BB13-676B79BAAF31}.Release|x86.ActiveCfg = Release|Any CPU
		{6F57D66B-8637-4600-B014-94ADDAEDFFF9}.Debug|Any CPU.ActiveCfg = Debug|Any CPU
		{6F57D66B-8637-4600-B014-94ADDAEDFFF9}.Debug|Any CPU.Build.0 = Debug|Any CPU
		{6F57D66B-8637-4600-B014-94ADDAEDFFF9}.Debug|x86.ActiveCfg = Debug|Any CPU
		{6F57D66B-8637-4600-B014-94ADDAEDFFF9}.Release|Any CPU.ActiveCfg = Release|Any CPU
		{6F57D66B-8637-4600-B014-94ADDAEDFFF9}.Release|Any CPU.Build.0 = Release|Any CPU
		{6F57D66B-8637-4600-B014-94ADDAEDFFF9}.Release|x86.ActiveCfg = Release|Any CPU
		{44FA5FE7-EEB0-437B-BB37-1532DE3AE218}.Debug|Any CPU.ActiveCfg = Debug|Any CPU
		{44FA5FE7-EEB0-437B-BB37-1532DE3AE218}.Debug|Any CPU.Build.0 = Debug|Any CPU
		{44FA5FE7-EEB0-437B-BB37-1532DE3AE218}.Debug|x86.ActiveCfg = Debug|Any CPU
		{44FA5FE7-EEB0-437B-BB37-1532DE3AE218}.Release|Any CPU.ActiveCfg = Release|Any CPU
		{44FA5FE7-EEB0-437B-BB37-1532DE3AE218}.Release|Any CPU.Build.0 = Release|Any CPU
		{44FA5FE7-EEB0-437B-BB37-1532DE3AE218}.Release|x86.ActiveCfg = Release|Any CPU
		{542E9A16-57D6-41B1-8ACC-D6B2B1D48832}.Debug|Any CPU.ActiveCfg = Debug|Any CPU
		{542E9A16-57D6-41B1-8ACC-D6B2B1D48832}.Debug|Any CPU.Build.0 = Debug|Any CPU
		{542E9A16-57D6-41B1-8ACC-D6B2B1D48832}.Debug|x86.ActiveCfg = Debug|Any CPU
		{542E9A16-57D6-41B1-8ACC-D6B2B1D48832}.Release|Any CPU.ActiveCfg = Release|Any CPU
		{542E9A16-57D6-41B1-8ACC-D6B2B1D48832}.Release|Any CPU.Build.0 = Release|Any CPU
		{542E9A16-57D6-41B1-8ACC-D6B2B1D48832}.Release|x86.ActiveCfg = Release|Any CPU
	EndGlobalSection
	GlobalSection(SolutionProperties) = preSolution
		HideSolutionNode = FALSE
	EndGlobalSection
	GlobalSection(NestedProjects) = preSolution
		{DD368013-2D15-4C74-92A0-3FC7BA929A24} = {617C932A-E8FB-4B81-9DD9-E819A90EBAAF}
		{108D1FE1-D18B-4014-84C8-F4084AF5F72B} = {617C932A-E8FB-4B81-9DD9-E819A90EBAAF}
		{B371ADFD-9FD9-4BCC-BAAE-F10526947EC7} = {617C932A-E8FB-4B81-9DD9-E819A90EBAAF}
		{CBBD72D0-476A-42E1-ACCE-85EBC5B0631E} = {617C932A-E8FB-4B81-9DD9-E819A90EBAAF}
		{6680B829-5749-45E7-9BF3-E1FB1072C26E} = {617C932A-E8FB-4B81-9DD9-E819A90EBAAF}
		{6E9CE720-56EA-4297-BB13-676B79BAAF31} = {617C932A-E8FB-4B81-9DD9-E819A90EBAAF}
		{6F57D66B-8637-4600-B014-94ADDAEDFFF9} = {617C932A-E8FB-4B81-9DD9-E819A90EBAAF}
		{44FA5FE7-EEB0-437B-BB37-1532DE3AE218} = {617C932A-E8FB-4B81-9DD9-E819A90EBAAF}
		{542E9A16-57D6-41B1-8ACC-D6B2B1D48832} = {617C932A-E8FB-4B81-9DD9-E819A90EBAAF}
	EndGlobalSection
EndGlobal
